
Microsoft Visual Studio Solution File, Format Version 12.00
# Visual Studio 15
VisualStudioVersion = 15.0.28307.1209
MinimumVisualStudioVersion = 10.0.40219.1
Project("{8BC9CEB8-8B4A-11D0-8D11-00A0C91BC942}") = "OpenCheckSkirt", "OpenCheckSkirt.vcxproj", "{1395897A-E698-4808-836F-87119ED05636}"
EndProject
Global
	GlobalSection(SolutionConfigurationPlatforms) = preSolution
		Debug|x64 = Debug|x64
		Debug|x86 = Debug|x86
		Release|x64 = Release|x64
		Release|x86 = Release|x86
	EndGlobalSection
	GlobalSection(ProjectConfigurationPlatforms) = postSolution
		{1395897A-E698-4808-836F-87119ED05636}.Debug|x64.ActiveCfg = Debug|x64
		{1395897A-E698-4808-836F-87119ED05636}.Debug|x64.Build.0 = Debug|x64
		{1395897A-E698-4808-836F-87119ED05636}.Debug|x86.ActiveCfg = Debug|Win32
		{1395897A-E698-4808-836F-87119ED05636}.Debug|x86.Build.0 = Debug|Win32
		{1395897A-E698-4808-836F-87119ED05636}.Release|x64.ActiveCfg = Release|x64
		{1395897A-E698-4808-836F-87119ED05636}.Release|x64.Build.0 = Release|x64
		{1395897A-E698-4808-836F-87119ED05636}.Release|x86.ActiveCfg = Release|Win32
		{1395897A-E698-4808-836F-87119ED05636}.Release|x86.Build.0 = Release|Win32
	EndGlobalSection
	GlobalSection(SolutionProperties) = preSolution
		HideSolutionNode = FALSE
	EndGlobalSection
	GlobalSection(ExtensibilityGlobals) = postSolution
		SolutionGuid = {ADE62DAF-0E6F-4AB5-A509-51AF4A74AA34}
	EndGlobalSection
EndGlobal
